{
  "name": "dem2stl",
  "version": "1.0.0",
  "lockfileVersion": 2,
  "requires": true,
  "packages": {
    "": {
      "name": "dem2stl",
      "version": "1.0.0",
      "license": "ISC",
      "dependencies": {
        "geotiff": "^2.0.7",
        "geotiff-geokeys-to-proj4": "^2022.9.7"
      }
    },
    "node_modules/@petamoriken/float16": {
      "version": "3.7.0",
      "resolved": "https://registry.npmjs.org/@petamoriken/float16/-/float16-3.7.0.tgz",
      "integrity": "sha512-g7w35q4bt7MoM3nZKrk5COiIO+qevZjjS7bJO5pYrB0ZKABUXFBOgr2VBY66LmeI3FzkH5AZ+1uNmNHYjeuUjQ=="
    },
    "node_modules/geotiff": {
      "version": "2.0.7",
      "resolved": "https://registry.npmjs.org/geotiff/-/geotiff-2.0.7.tgz",
      "integrity": "sha512-FKvFTNowMU5K6lHYY2f83d4lS2rsCNdpUC28AX61x9ZzzqPNaWFElWv93xj0eJFaNyOYA63ic5OzJ88dHpoA5Q==",
      "dependencies": {
        "@petamoriken/float16": "^3.4.7",
        "lerc": "^3.0.0",
        "pako": "^2.0.4",
        "parse-headers": "^2.0.2",
        "quick-lru": "^6.1.1",
        "web-worker": "^1.2.0",
        "xml-utils": "^1.0.2"
      },
      "engines": {
        "node": ">=10.19"
      }
    },
    "node_modules/geotiff-geokeys-to-proj4": {
      "version": "2022.9.7",
      "resolved": "https://registry.npmjs.org/geotiff-geokeys-to-proj4/-/geotiff-geokeys-to-proj4-2022.9.7.tgz",
      "integrity": "sha512-lLZQddb5nompADXwmjtA+bymiz1tfOMg0r9wY9+rWLZzgpR2Uzs7U2azFcUnz6om9XOOuL+55hRKcKVPUlAg/w=="
    },
    "node_modules/lerc": {
      "version": "3.0.0",
      "resolved": "https://registry.npmjs.org/lerc/-/lerc-3.0.0.tgz",
      "integrity": "sha512-Rm4J/WaHhRa93nCN2mwWDZFoRVF18G1f47C+kvQWyHGEZxFpTUi73p7lMVSAndyxGt6lJ2/CFbOcf9ra5p8aww=="
    },
    "node_modules/pako": {
      "version": "2.1.0",
      "resolved": "https://registry.npmjs.org/pako/-/pako-2.1.0.tgz",
      "integrity": "sha512-w+eufiZ1WuJYgPXbV/PO3NCMEc3xqylkKHzp8bxp1uW4qaSNQUkwmLLEc3kKsfz8lpV1F8Ht3U1Cm+9Srog2ug=="
    },
    "node_modules/parse-headers": {
      "version": "2.0.5",
      "resolved": "https://registry.npmjs.org/parse-headers/-/parse-headers-2.0.5.tgz",
      "integrity": "sha512-ft3iAoLOB/MlwbNXgzy43SWGP6sQki2jQvAyBg/zDFAgr9bfNWZIUj42Kw2eJIl8kEi4PbgE6U1Zau/HwI75HA=="
    },
    "node_modules/quick-lru": {
      "version": "6.1.1",
      "resolved": "https://registry.npmjs.org/quick-lru/-/quick-lru-6.1.1.tgz",
      "integrity": "sha512-S27GBT+F0NTRiehtbrgaSE1idUAJ5bX8dPAQTdylEyNlrdcH5X4Lz7Edz3DYzecbsCluD5zO8ZNEe04z3D3u6Q==",
      "engines": {
        "node": ">=12"
      },
      "funding": {
        "url": "https://github.com/sponsors/sindresorhus"
      }
    },
    "node_modules/web-worker": {
      "version": "1.2.0",
      "resolved": "https://registry.npmjs.org/web-worker/-/web-worker-1.2.0.tgz",
      "integrity": "sha512-PgF341avzqyx60neE9DD+XS26MMNMoUQRz9NOZwW32nPQrF6p77f1htcnjBSEV8BGMKZ16choqUG4hyI0Hx7mA=="
    },
    "node_modules/xml-utils": {
      "version": "1.3.0",
      "resolved": "https://registry.npmjs.org/xml-utils/-/xml-utils-1.3.0.tgz",
      "integrity": "sha512-i4PIrX33Wd66dvwo4syicwlwmnr6wuvvn4f2ku9hA67C2Uk62Xubczuhct+Evnd12/DV71qKNeDdJwES8HX1RA=="
    }
  },
  "dependencies": {
    "@petamoriken/float16": {
      "version": "3.7.0",
      "resolved": "https://registry.npmjs.org/@petamoriken/float16/-/float16-3.7.0.tgz",
      "integrity": "sha512-g7w35q4bt7MoM3nZKrk5COiIO+qevZjjS7bJO5pYrB0ZKABUXFBOgr2VBY66LmeI3FzkH5AZ+1uNmNHYjeuUjQ=="
    },
    "geotiff": {
      "version": "2.0.7",
      "resolved": "https://registry.npmjs.org/geotiff/-/geotiff-2.0.7.tgz",
      "integrity": "sha512-FKvFTNowMU5K6lHYY2f83d4lS2rsCNdpUC28AX61x9ZzzqPNaWFElWv93xj0eJFaNyOYA63ic5OzJ88dHpoA5Q==",
      "requires": {
        "@petamoriken/float16": "^3.4.7",
        "lerc": "^3.0.0",
        "pako": "^2.0.4",
        "parse-headers": "^2.0.2",
        "quick-lru": "^6.1.1",
        "web-worker": "^1.2.0",
        "xml-utils": "^1.0.2"
      }
    },
    "geotiff-geokeys-to-proj4": {
      "version": "2022.9.7",
      "resolved": "https://registry.npmjs.org/geotiff-geokeys-to-proj4/-/geotiff-geokeys-to-proj4-2022.9.7.tgz",
      "integrity": "sha512-lLZQddb5nompADXwmjtA+bymiz1tfOMg0r9wY9+rWLZzgpR2Uzs7U2azFcUnz6om9XOOuL+55hRKcKVPUlAg/w=="
    },
    "lerc": {
      "version": "3.0.0",
      "resolved": "https://registry.npmjs.org/lerc/-/lerc-3.0.0.tgz",
      "integrity": "sha512-Rm4J/WaHhRa93nCN2mwWDZFoRVF18G1f47C+kvQWyHGEZxFpTUi73p7lMVSAndyxGt6lJ2/CFbOcf9ra5p8aww=="
    },
    "pako": {
      "version": "2.1.0",
      "resolved": "https://registry.npmjs.org/pako/-/pako-2.1.0.tgz",
      "integrity": "sha512-w+eufiZ1WuJYgPXbV/PO3NCMEc3xqylkKHzp8bxp1uW4qaSNQUkwmLLEc3kKsfz8lpV1F8Ht3U1Cm+9Srog2ug=="
    },
    "parse-headers": {
      "version": "2.0.5",
      "resolved": "https://registry.npmjs.org/parse-headers/-/parse-headers-2.0.5.tgz",
      "integrity": "sha512-ft3iAoLOB/MlwbNXgzy43SWGP6sQki2jQvAyBg/zDFAgr9bfNWZIUj42Kw2eJIl8kEi4PbgE6U1Zau/HwI75HA=="
    },
    "quick-lru": {
      "version": "6.1.1",
      "resolved": "https://registry.npmjs.org/quick-lru/-/quick-lru-6.1.1.tgz",
      "integrity": "sha512-S27GBT+F0NTRiehtbrgaSE1idUAJ5bX8dPAQTdylEyNlrdcH5X4Lz7Edz3DYzecbsCluD5zO8ZNEe04z3D3u6Q=="
    },
    "web-worker": {
      "version": "1.2.0",
      "resolved": "https://registry.npmjs.org/web-worker/-/web-worker-1.2.0.tgz",
      "integrity": "sha512-PgF341avzqyx60neE9DD+XS26MMNMoUQRz9NOZwW32nPQrF6p77f1htcnjBSEV8BGMKZ16choqUG4hyI0Hx7mA=="
    },
    "xml-utils": {
      "version": "1.3.0",
      "resolved": "https://registry.npmjs.org/xml-utils/-/xml-utils-1.3.0.tgz",
      "integrity": "sha512-i4PIrX33Wd66dvwo4syicwlwmnr6wuvvn4f2ku9hA67C2Uk62Xubczuhct+Evnd12/DV71qKNeDdJwES8HX1RA=="
    }
  }
}
